
Microsoft Visual Studio Solution File, Format Version 12.00
# Visual Studio 15
VisualStudioVersion = 15.0.27703.2026
MinimumVisualStudioVersion = 10.0.40219.1
Project("{9A19103F-16F7-4668-BE54-9A1E7A4F7556}") = "Palindrome.Web", "src\Palindrome.Web\Palindrome.Web.csproj", "{C0916806-D80A-4C0E-BFDE-A14181A8C099}"
EndProject
Project("{FAE04EC0-301F-11D3-BF4B-00C04F79EFBC}") = "Palindromes.API", "src\Palindrome.API\Palindromes.API.csproj", "{1C396563-4AFF-4F02-8679-983C182C2575}"
EndProject
Global
	GlobalSection(SolutionConfigurationPlatforms) = preSolution
		Debug|Any CPU = Debug|Any CPU
		Release|Any CPU = Release|Any CPU
	EndGlobalSection
	GlobalSection(ProjectConfigurationPlatforms) = postSolution
		{C0916806-D80A-4C0E-BFDE-A14181A8C099}.Debug|Any CPU.ActiveCfg = Debug|Any CPU
		{C0916806-D80A-4C0E-BFDE-A14181A8C099}.Debug|Any CPU.Build.0 = Debug|Any CPU
		{C0916806-D80A-4C0E-BFDE-A14181A8C099}.Release|Any CPU.ActiveCfg = Release|Any CPU
		{C0916806-D80A-4C0E-BFDE-A14181A8C099}.Release|Any CPU.Build.0 = Release|Any CPU
		{1C396563-4AFF-4F02-8679-983C182C2575}.Debug|Any CPU.ActiveCfg = Debug|Any CPU
		{1C396563-4AFF-4F02-8679-983C182C2575}.Debug|Any CPU.Build.0 = Debug|Any CPU
		{1C396563-4AFF-4F02-8679-983C182C2575}.Release|Any CPU.ActiveCfg = Release|Any CPU
		{1C396563-4AFF-4F02-8679-983C182C2575}.Release|Any CPU.Build.0 = Release|Any CPU
	EndGlobalSection
	GlobalSection(SolutionProperties) = preSolution
		HideSolutionNode = FALSE
	EndGlobalSection
	GlobalSection(ExtensibilityGlobals) = postSolution
		SolutionGuid = {344E9DB7-97F0-421F-99A1-FE4988A4E90F}
	EndGlobalSection
EndGlobal
